// !$*UTF8*$!
{
	archiveVersion = 1;
	classes = {
	};
	objectVersion = 46;
	objects = {

/* Begin PBXBuildFile section */
		7FB1EE17B55F42D7A4093556 /* libPods.a in Frameworks */ = {isa = PBXBuildFile; fileRef = 950D61AA0A3D4056AAE4C48F /* libPods.a */; };
		A733F96A189DB66D005BD4B6 /* SignUp.m in Sources */ = {isa = PBXBuildFile; fileRef = A733F969189DB66D005BD4B6 /* SignUp.m */; };
		A733F970189DCC2B005BD4B6 /* PromptFindFriends.m in Sources */ = {isa = PBXBuildFile; fileRef = A733F96F189DCC2B005BD4B6 /* PromptFindFriends.m */; };
		A734A77E18C16D9A00C2E8BE /* CalendarContainerVC.m in Sources */ = {isa = PBXBuildFile; fileRef = A734A77D18C16D9A00C2E8BE /* CalendarContainerVC.m */; };
		A734A78418C1963700C2E8BE /* KeychainItemWrapper.m in Sources */ = {isa = PBXBuildFile; fileRef = A734A78318C1963700C2E8BE /* KeychainItemWrapper.m */; };
		A74D308818936F5B0023DEE7 /* InviteFriendCell.m in Sources */ = {isa = PBXBuildFile; fileRef = A74D308718936F5B0023DEE7 /* InviteFriendCell.m */; };
		A74D308B189384430023DEE7 /* PickActivitiesViewController.m in Sources */ = {isa = PBXBuildFile; fileRef = A74D308A189384430023DEE7 /* PickActivitiesViewController.m */; };
		A74D314D18979BFD0023DEE7 /* Calendar.m in Sources */ = {isa = PBXBuildFile; fileRef = A74D314C18979BFD0023DEE7 /* Calendar.m */; };
		A74D31501897A1EC0023DEE7 /* DateCell.m in Sources */ = {isa = PBXBuildFile; fileRef = A74D314F1897A1EC0023DEE7 /* DateCell.m */; };
		A74D31941898B3980023DEE7 /* ActivityInformationCell.m in Sources */ = {isa = PBXBuildFile; fileRef = A74D31931898B3980023DEE7 /* ActivityInformationCell.m */; };
		A74D31971898B8910023DEE7 /* WhenIsGoodCell.m in Sources */ = {isa = PBXBuildFile; fileRef = A74D31961898B8910023DEE7 /* WhenIsGoodCell.m */; };
		A7633B59188FA80900D1BE77 /* Foundation.framework in Frameworks */ = {isa = PBXBuildFile; fileRef = A7633B58188FA80900D1BE77 /* Foundation.framework */; };
		A7633B5B188FA80900D1BE77 /* CoreGraphics.framework in Frameworks */ = {isa = PBXBuildFile; fileRef = A7633B5A188FA80900D1BE77 /* CoreGraphics.framework */; };
		A7633B5D188FA80900D1BE77 /* UIKit.framework in Frameworks */ = {isa = PBXBuildFile; fileRef = A7633B5C188FA80900D1BE77 /* UIKit.framework */; };
		A7633B63188FA80900D1BE77 /* InfoPlist.strings in Resources */ = {isa = PBXBuildFile; fileRef = A7633B61188FA80900D1BE77 /* InfoPlist.strings */; };
		A7633B65188FA80900D1BE77 /* main.m in Sources */ = {isa = PBXBuildFile; fileRef = A7633B64188FA80900D1BE77 /* main.m */; };
		A7633B69188FA80900D1BE77 /* AppDelegate.m in Sources */ = {isa = PBXBuildFile; fileRef = A7633B68188FA80900D1BE77 /* AppDelegate.m */; };
		A7633B6C188FA80900D1BE77 /* Main.storyboard in Resources */ = {isa = PBXBuildFile; fileRef = A7633B6A188FA80900D1BE77 /* Main.storyboard */; };
		A7633B72188FA80900D1BE77 /* SecondViewController.m in Sources */ = {isa = PBXBuildFile; fileRef = A7633B71188FA80900D1BE77 /* SecondViewController.m */; };
		A7633B74188FA80900D1BE77 /* Images.xcassets in Resources */ = {isa = PBXBuildFile; fileRef = A7633B73188FA80900D1BE77 /* Images.xcassets */; };
		A7633B7B188FA80900D1BE77 /* XCTest.framework in Frameworks */ = {isa = PBXBuildFile; fileRef = A7633B7A188FA80900D1BE77 /* XCTest.framework */; };
		A7633B7C188FA80900D1BE77 /* Foundation.framework in Frameworks */ = {isa = PBXBuildFile; fileRef = A7633B58188FA80900D1BE77 /* Foundation.framework */; };
		A7633B7D188FA80900D1BE77 /* UIKit.framework in Frameworks */ = {isa = PBXBuildFile; fileRef = A7633B5C188FA80900D1BE77 /* UIKit.framework */; };
		A7633B85188FA80900D1BE77 /* InfoPlist.strings in Resources */ = {isa = PBXBuildFile; fileRef = A7633B83188FA80900D1BE77 /* InfoPlist.strings */; };
		A7633B87188FA80900D1BE77 /* SocialPlanMakingTests.m in Sources */ = {isa = PBXBuildFile; fileRef = A7633B86188FA80900D1BE77 /* SocialPlanMakingTests.m */; };
		A7633B92188FAF2300D1BE77 /* Inbox.m in Sources */ = {isa = PBXBuildFile; fileRef = A7633B91188FAF2300D1BE77 /* Inbox.m */; };
		A7633B95188FB6E200D1BE77 /* Activities.m in Sources */ = {isa = PBXBuildFile; fileRef = A7633B94188FB6E200D1BE77 /* Activities.m */; };
		A7633B981890203900D1BE77 /* ChooseFriends.m in Sources */ = {isa = PBXBuildFile; fileRef = A7633B971890203900D1BE77 /* ChooseFriends.m */; };
		A7633B9B189021FF00D1BE77 /* InboxIndepth.m in Sources */ = {isa = PBXBuildFile; fileRef = A7633B9A189021FF00D1BE77 /* InboxIndepth.m */; };
		A7633B9E1892301000D1BE77 /* Login.m in Sources */ = {isa = PBXBuildFile; fileRef = A7633B9D1892301000D1BE77 /* Login.m */; };
		A7D925101892EE2F00030B6D /* FacebookSDK.framework in Frameworks */ = {isa = PBXBuildFile; fileRef = A7D9250F1892EE2F00030B6D /* FacebookSDK.framework */; };
		A7D92517189300E000030B6D /* FindFriends.m in Sources */ = {isa = PBXBuildFile; fileRef = A7D92516189300E000030B6D /* FindFriends.m */; };
		A7D9251C1893070200030B6D /* FindFriendsCell.m in Sources */ = {isa = PBXBuildFile; fileRef = A7D9251B1893070200030B6D /* FindFriendsCell.m */; };
		A7D9251E1893071C00030B6D /* FindFriendsCell.xib in Resources */ = {isa = PBXBuildFile; fileRef = A7D9251D1893071C00030B6D /* FindFriendsCell.xib */; };
/* End PBXBuildFile section */

/* Begin PBXContainerItemProxy section */
		A7633B7E188FA80900D1BE77 /* PBXContainerItemProxy */ = {
			isa = PBXContainerItemProxy;
			containerPortal = A7633B4D188FA80800D1BE77 /* Project object */;
			proxyType = 1;
			remoteGlobalIDString = A7633B54188FA80900D1BE77;
			remoteInfo = SocialPlanMaking;
		};
/* End PBXContainerItemProxy section */

/* Begin PBXFileReference section */
		950D61AA0A3D4056AAE4C48F /* libPods.a */ = {isa = PBXFileReference; explicitFileType = archive.ar; includeInIndex = 0; path = libPods.a; sourceTree = BUILT_PRODUCTS_DIR; };
		98699DD466734221B1AFFC26 /* Pods.xcconfig */ = {isa = PBXFileReference; includeInIndex = 1; lastKnownFileType = text.xcconfig; name = Pods.xcconfig; path = Pods/Pods.xcconfig; sourceTree = "<group>"; };
		A733F968189DB66D005BD4B6 /* SignUp.h */ = {isa = PBXFileReference; fileEncoding = 4; lastKnownFileType = sourcecode.c.h; path = SignUp.h; sourceTree = "<group>"; };
		A733F969189DB66D005BD4B6 /* SignUp.m */ = {isa = PBXFileReference; fileEncoding = 4; lastKnownFileType = sourcecode.c.objc; path = SignUp.m; sourceTree = "<group>"; };
		A733F96E189DCC2B005BD4B6 /* PromptFindFriends.h */ = {isa = PBXFileReference; fileEncoding = 4; lastKnownFileType = sourcecode.c.h; path = PromptFindFriends.h; sourceTree = "<group>"; };
		A733F96F189DCC2B005BD4B6 /* PromptFindFriends.m */ = {isa = PBXFileReference; fileEncoding = 4; lastKnownFileType = sourcecode.c.objc; path = PromptFindFriends.m; sourceTree = "<group>"; };
		A734A77C18C16D9A00C2E8BE /* CalendarContainerVC.h */ = {isa = PBXFileReference; fileEncoding = 4; lastKnownFileType = sourcecode.c.h; path = CalendarContainerVC.h; sourceTree = "<group>"; };
		A734A77D18C16D9A00C2E8BE /* CalendarContainerVC.m */ = {isa = PBXFileReference; fileEncoding = 4; lastKnownFileType = sourcecode.c.objc; path = CalendarContainerVC.m; sourceTree = "<group>"; };
		A734A78218C1963700C2E8BE /* KeychainItemWrapper.h */ = {isa = PBXFileReference; fileEncoding = 4; lastKnownFileType = sourcecode.c.h; path = KeychainItemWrapper.h; sourceTree = "<group>"; };
		A734A78318C1963700C2E8BE /* KeychainItemWrapper.m */ = {isa = PBXFileReference; fileEncoding = 4; lastKnownFileType = sourcecode.c.objc; path = KeychainItemWrapper.m; sourceTree = "<group>"; };
		A74D308618936F5B0023DEE7 /* InviteFriendCell.h */ = {isa = PBXFileReference; fileEncoding = 4; lastKnownFileType = sourcecode.c.h; path = InviteFriendCell.h; sourceTree = "<group>"; };
		A74D308718936F5B0023DEE7 /* InviteFriendCell.m */ = {isa = PBXFileReference; fileEncoding = 4; lastKnownFileType = sourcecode.c.objc; path = InviteFriendCell.m; sourceTree = "<group>"; };
		A74D3089189384430023DEE7 /* PickActivitiesViewController.h */ = {isa = PBXFileReference; fileEncoding = 4; lastKnownFileType = sourcecode.c.h; name = PickActivitiesViewController.h; path = ../PickActivitiesViewController.h; sourceTree = "<group>"; };
		A74D308A189384430023DEE7 /* PickActivitiesViewController.m */ = {isa = PBXFileReference; fileEncoding = 4; lastKnownFileType = sourcecode.c.objc; name = PickActivitiesViewController.m; path = ../PickActivitiesViewController.m; sourceTree = "<group>"; };
		A74D314B18979BFD0023DEE7 /* Calendar.h */ = {isa = PBXFileReference; fileEncoding = 4; lastKnownFileType = sourcecode.c.h; path = Calendar.h; sourceTree = "<group>"; };
		A74D314C18979BFD0023DEE7 /* Calendar.m */ = {isa = PBXFileReference; fileEncoding = 4; lastKnownFileType = sourcecode.c.objc; path = Calendar.m; sourceTree = "<group>"; };
		A74D314E1897A1EC0023DEE7 /* DateCell.h */ = {isa = PBXFileReference; fileEncoding = 4; lastKnownFileType = sourcecode.c.h; path = DateCell.h; sourceTree = "<group>"; };
		A74D314F1897A1EC0023DEE7 /* DateCell.m */ = {isa = PBXFileReference; fileEncoding = 4; lastKnownFileType = sourcecode.c.objc; path = DateCell.m; sourceTree = "<group>"; };
		A74D31921898B3980023DEE7 /* ActivityInformationCell.h */ = {isa = PBXFileReference; fileEncoding = 4; lastKnownFileType = sourcecode.c.h; path = ActivityInformationCell.h; sourceTree = "<group>"; };
		A74D31931898B3980023DEE7 /* ActivityInformationCell.m */ = {isa = PBXFileReference; fileEncoding = 4; lastKnownFileType = sourcecode.c.objc; path = ActivityInformationCell.m; sourceTree = "<group>"; };
		A74D31951898B8910023DEE7 /* WhenIsGoodCell.h */ = {isa = PBXFileReference; fileEncoding = 4; lastKnownFileType = sourcecode.c.h; path = WhenIsGoodCell.h; sourceTree = "<group>"; };
		A74D31961898B8910023DEE7 /* WhenIsGoodCell.m */ = {isa = PBXFileReference; fileEncoding = 4; lastKnownFileType = sourcecode.c.objc; path = WhenIsGoodCell.m; sourceTree = "<group>"; };
		A7633B55188FA80900D1BE77 /* SocialPlanMaking.app */ = {isa = PBXFileReference; explicitFileType = wrapper.application; includeInIndex = 0; path = SocialPlanMaking.app; sourceTree = BUILT_PRODUCTS_DIR; };
		A7633B58188FA80900D1BE77 /* Foundation.framework */ = {isa = PBXFileReference; lastKnownFileType = wrapper.framework; name = Foundation.framework; path = System/Library/Frameworks/Foundation.framework; sourceTree = SDKROOT; };
		A7633B5A188FA80900D1BE77 /* CoreGraphics.framework */ = {isa = PBXFileReference; lastKnownFileType = wrapper.framework; name = CoreGraphics.framework; path = System/Library/Frameworks/CoreGraphics.framework; sourceTree = SDKROOT; };
		A7633B5C188FA80900D1BE77 /* UIKit.framework */ = {isa = PBXFileReference; lastKnownFileType = wrapper.framework; name = UIKit.framework; path = System/Library/Frameworks/UIKit.framework; sourceTree = SDKROOT; };
		A7633B60188FA80900D1BE77 /* SocialPlanMaking-Info.plist */ = {isa = PBXFileReference; lastKnownFileType = text.plist.xml; path = "SocialPlanMaking-Info.plist"; sourceTree = "<group>"; };
		A7633B62188FA80900D1BE77 /* en */ = {isa = PBXFileReference; lastKnownFileType = text.plist.strings; name = en; path = en.lproj/InfoPlist.strings; sourceTree = "<group>"; };
		A7633B64188FA80900D1BE77 /* main.m */ = {isa = PBXFileReference; lastKnownFileType = sourcecode.c.objc; path = main.m; sourceTree = "<group>"; };
		A7633B66188FA80900D1BE77 /* SocialPlanMaking-Prefix.pch */ = {isa = PBXFileReference; lastKnownFileType = sourcecode.c.h; path = "SocialPlanMaking-Prefix.pch"; sourceTree = "<group>"; };
		A7633B67188FA80900D1BE77 /* AppDelegate.h */ = {isa = PBXFileReference; lastKnownFileType = sourcecode.c.h; path = AppDelegate.h; sourceTree = "<group>"; };
		A7633B68188FA80900D1BE77 /* AppDelegate.m */ = {isa = PBXFileReference; lastKnownFileType = sourcecode.c.objc; path = AppDelegate.m; sourceTree = "<group>"; };
		A7633B6B188FA80900D1BE77 /* Base */ = {isa = PBXFileReference; lastKnownFileType = file.storyboard; name = Base; path = Base.lproj/Main.storyboard; sourceTree = "<group>"; };
		A7633B70188FA80900D1BE77 /* SecondViewController.h */ = {isa = PBXFileReference; lastKnownFileType = sourcecode.c.h; path = SecondViewController.h; sourceTree = "<group>"; };
		A7633B71188FA80900D1BE77 /* SecondViewController.m */ = {isa = PBXFileReference; lastKnownFileType = sourcecode.c.objc; path = SecondViewController.m; sourceTree = "<group>"; };
		A7633B73188FA80900D1BE77 /* Images.xcassets */ = {isa = PBXFileReference; lastKnownFileType = folder.assetcatalog; path = Images.xcassets; sourceTree = "<group>"; };
		A7633B79188FA80900D1BE77 /* SocialPlanMakingTests.xctest */ = {isa = PBXFileReference; explicitFileType = wrapper.cfbundle; includeInIndex = 0; path = SocialPlanMakingTests.xctest; sourceTree = BUILT_PRODUCTS_DIR; };
		A7633B7A188FA80900D1BE77 /* XCTest.framework */ = {isa = PBXFileReference; lastKnownFileType = wrapper.framework; name = XCTest.framework; path = Library/Frameworks/XCTest.framework; sourceTree = DEVELOPER_DIR; };
		A7633B82188FA80900D1BE77 /* SocialPlanMakingTests-Info.plist */ = {isa = PBXFileReference; lastKnownFileType = text.plist.xml; path = "SocialPlanMakingTests-Info.plist"; sourceTree = "<group>"; };
		A7633B84188FA80900D1BE77 /* en */ = {isa = PBXFileReference; lastKnownFileType = text.plist.strings; name = en; path = en.lproj/InfoPlist.strings; sourceTree = "<group>"; };
		A7633B86188FA80900D1BE77 /* SocialPlanMakingTests.m */ = {isa = PBXFileReference; lastKnownFileType = sourcecode.c.objc; path = SocialPlanMakingTests.m; sourceTree = "<group>"; };
		A7633B90188FAF2300D1BE77 /* Inbox.h */ = {isa = PBXFileReference; fileEncoding = 4; lastKnownFileType = sourcecode.c.h; path = Inbox.h; sourceTree = "<group>"; };
		A7633B91188FAF2300D1BE77 /* Inbox.m */ = {isa = PBXFileReference; fileEncoding = 4; lastKnownFileType = sourcecode.c.objc; path = Inbox.m; sourceTree = "<group>"; };
		A7633B93188FB6E200D1BE77 /* Activities.h */ = {isa = PBXFileReference; fileEncoding = 4; lastKnownFileType = sourcecode.c.h; path = Activities.h; sourceTree = "<group>"; };
		A7633B94188FB6E200D1BE77 /* Activities.m */ = {isa = PBXFileReference; fileEncoding = 4; lastKnownFileType = sourcecode.c.objc; path = Activities.m; sourceTree = "<group>"; };
		A7633B961890203900D1BE77 /* ChooseFriends.h */ = {isa = PBXFileReference; fileEncoding = 4; lastKnownFileType = sourcecode.c.h; path = ChooseFriends.h; sourceTree = "<group>"; };
		A7633B971890203900D1BE77 /* ChooseFriends.m */ = {isa = PBXFileReference; fileEncoding = 4; lastKnownFileType = sourcecode.c.objc; path = ChooseFriends.m; sourceTree = "<group>"; };
		A7633B99189021FF00D1BE77 /* InboxIndepth.h */ = {isa = PBXFileReference; fileEncoding = 4; lastKnownFileType = sourcecode.c.h; path = InboxIndepth.h; sourceTree = "<group>"; };
		A7633B9A189021FF00D1BE77 /* InboxIndepth.m */ = {isa = PBXFileReference; fileEncoding = 4; lastKnownFileType = sourcecode.c.objc; path = InboxIndepth.m; sourceTree = "<group>"; };
		A7633B9C1892301000D1BE77 /* Login.h */ = {isa = PBXFileReference; fileEncoding = 4; lastKnownFileType = sourcecode.c.h; path = Login.h; sourceTree = "<group>"; };
		A7633B9D1892301000D1BE77 /* Login.m */ = {isa = PBXFileReference; fileEncoding = 4; lastKnownFileType = sourcecode.c.objc; path = Login.m; sourceTree = "<group>"; };
		A7D9250F1892EE2F00030B6D /* FacebookSDK.framework */ = {isa = PBXFileReference; lastKnownFileType = wrapper.framework; name = FacebookSDK.framework; path = ../../../Documents/FacebookSDK/FacebookSDK.framework; sourceTree = "<group>"; };
		A7D92515189300E000030B6D /* FindFriends.h */ = {isa = PBXFileReference; fileEncoding = 4; lastKnownFileType = sourcecode.c.h; path = FindFriends.h; sourceTree = "<group>"; };
		A7D92516189300E000030B6D /* FindFriends.m */ = {isa = PBXFileReference; fileEncoding = 4; lastKnownFileType = sourcecode.c.objc; path = FindFriends.m; sourceTree = "<group>"; };
		A7D9251A1893070200030B6D /* FindFriendsCell.h */ = {isa = PBXFileReference; fileEncoding = 4; lastKnownFileType = sourcecode.c.h; path = FindFriendsCell.h; sourceTree = "<group>"; };
		A7D9251B1893070200030B6D /* FindFriendsCell.m */ = {isa = PBXFileReference; fileEncoding = 4; lastKnownFileType = sourcecode.c.objc; path = FindFriendsCell.m; sourceTree = "<group>"; };
		A7D9251D1893071C00030B6D /* FindFriendsCell.xib */ = {isa = PBXFileReference; fileEncoding = 4; lastKnownFileType = file.xib; name = FindFriendsCell.xib; path = ../FindFriendsCell.xib; sourceTree = "<group>"; };
/* End PBXFileReference section */

/* Begin PBXFrameworksBuildPhase section */
		A7633B52188FA80900D1BE77 /* Frameworks */ = {
			isa = PBXFrameworksBuildPhase;
			buildActionMask = 2147483647;
			files = (
				A7633B5B188FA80900D1BE77 /* CoreGraphics.framework in Frameworks */,
				A7D925101892EE2F00030B6D /* FacebookSDK.framework in Frameworks */,
				A7633B5D188FA80900D1BE77 /* UIKit.framework in Frameworks */,
				A7633B59188FA80900D1BE77 /* Foundation.framework in Frameworks */,
				7FB1EE17B55F42D7A4093556 /* libPods.a in Frameworks */,
			);
			runOnlyForDeploymentPostprocessing = 0;
		};
		A7633B76188FA80900D1BE77 /* Frameworks */ = {
			isa = PBXFrameworksBuildPhase;
			buildActionMask = 2147483647;
			files = (
				A7633B7B188FA80900D1BE77 /* XCTest.framework in Frameworks */,
				A7633B7D188FA80900D1BE77 /* UIKit.framework in Frameworks */,
				A7633B7C188FA80900D1BE77 /* Foundation.framework in Frameworks */,
			);
			runOnlyForDeploymentPostprocessing = 0;
		};
/* End PBXFrameworksBuildPhase section */

/* Begin PBXGroup section */
		A74D308C189384600023DEE7 /* Create */ = {
			isa = PBXGroup;
			children = (
				A74D3089189384430023DEE7 /* PickActivitiesViewController.h */,
				A74D308A189384430023DEE7 /* PickActivitiesViewController.m */,
				A7633B93188FB6E200D1BE77 /* Activities.h */,
				A7633B94188FB6E200D1BE77 /* Activities.m */,
				A74D314B18979BFD0023DEE7 /* Calendar.h */,
				A74D314C18979BFD0023DEE7 /* Calendar.m */,
				A74D314E1897A1EC0023DEE7 /* DateCell.h */,
				A74D314F1897A1EC0023DEE7 /* DateCell.m */,
				A7633B961890203900D1BE77 /* ChooseFriends.h */,
				A7633B971890203900D1BE77 /* ChooseFriends.m */,
			);
			name = Create;
			sourceTree = "<group>";
		};
		A7633B4C188FA80800D1BE77 = {
			isa = PBXGroup;
			children = (
				A7633B5E188FA80900D1BE77 /* SocialPlanMaking */,
				A7633B80188FA80900D1BE77 /* SocialPlanMakingTests */,
				A7633B57188FA80900D1BE77 /* Frameworks */,
				A7633B56188FA80900D1BE77 /* Products */,
				98699DD466734221B1AFFC26 /* Pods.xcconfig */,
			);
			sourceTree = "<group>";
		};
		A7633B56188FA80900D1BE77 /* Products */ = {
			isa = PBXGroup;
			children = (
				A7633B55188FA80900D1BE77 /* SocialPlanMaking.app */,
				A7633B79188FA80900D1BE77 /* SocialPlanMakingTests.xctest */,
			);
			name = Products;
			sourceTree = "<group>";
		};
		A7633B57188FA80900D1BE77 /* Frameworks */ = {
			isa = PBXGroup;
			children = (
				A7D9250F1892EE2F00030B6D /* FacebookSDK.framework */,
				A7633B58188FA80900D1BE77 /* Foundation.framework */,
				A7633B5A188FA80900D1BE77 /* CoreGraphics.framework */,
				A7633B5C188FA80900D1BE77 /* UIKit.framework */,
				A7633B7A188FA80900D1BE77 /* XCTest.framework */,
				950D61AA0A3D4056AAE4C48F /* libPods.a */,
			);
			name = Frameworks;
			sourceTree = "<group>";
		};
		A7633B5E188FA80900D1BE77 /* SocialPlanMaking */ = {
			isa = PBXGroup;
			children = (
				A7633B67188FA80900D1BE77 /* AppDelegate.h */,
				A7633B68188FA80900D1BE77 /* AppDelegate.m */,
				A734A78218C1963700C2E8BE /* KeychainItemWrapper.h */,
				A734A78318C1963700C2E8BE /* KeychainItemWrapper.m */,
				A7633B6A188FA80900D1BE77 /* Main.storyboard */,
				A734A77C18C16D9A00C2E8BE /* CalendarContainerVC.h */,
				A734A77D18C16D9A00C2E8BE /* CalendarContainerVC.m */,
				A7D925111892F2E000030B6D /* Tab1 */,
				A7D925121892F2E600030B6D /* Tab2 */,
				A7D925131892F2EC00030B6D /* Tab3 */,
				A7633B73188FA80900D1BE77 /* Images.xcassets */,
				A7633B5F188FA80900D1BE77 /* Supporting Files */,
			);
			path = SocialPlanMaking;
			sourceTree = "<group>";
		};
		A7633B5F188FA80900D1BE77 /* Supporting Files */ = {
			isa = PBXGroup;
			children = (
				A7633B60188FA80900D1BE77 /* SocialPlanMaking-Info.plist */,
				A7633B61188FA80900D1BE77 /* InfoPlist.strings */,
				A7633B64188FA80900D1BE77 /* main.m */,
				A7633B66188FA80900D1BE77 /* SocialPlanMaking-Prefix.pch */,
			);
			name = "Supporting Files";
			sourceTree = "<group>";
		};
		A7633B80188FA80900D1BE77 /* SocialPlanMakingTests */ = {
			isa = PBXGroup;
			children = (
				A7633B86188FA80900D1BE77 /* SocialPlanMakingTests.m */,
				A7633B81188FA80900D1BE77 /* Supporting Files */,
			);
			path = SocialPlanMakingTests;
			sourceTree = "<group>";
		};
		A7633B81188FA80900D1BE77 /* Supporting Files */ = {
			isa = PBXGroup;
			children = (
				A7633B82188FA80900D1BE77 /* SocialPlanMakingTests-Info.plist */,
				A7633B83188FA80900D1BE77 /* InfoPlist.strings */,
			);
			name = "Supporting Files";
			sourceTree = "<group>";
		};
		A7D925111892F2E000030B6D /* Tab1 */ = {
			isa = PBXGroup;
			children = (
				A7633B90188FAF2300D1BE77 /* Inbox.h */,
				A7633B91188FAF2300D1BE77 /* Inbox.m */,
				A7633B99189021FF00D1BE77 /* InboxIndepth.h */,
				A7633B9A189021FF00D1BE77 /* InboxIndepth.m */,
				A74D31921898B3980023DEE7 /* ActivityInformationCell.h */,
				A74D31931898B3980023DEE7 /* ActivityInformationCell.m */,
				A74D31951898B8910023DEE7 /* WhenIsGoodCell.h */,
				A74D31961898B8910023DEE7 /* WhenIsGoodCell.m */,
				A74D308C189384600023DEE7 /* Create */,
				A7D925141892F30A00030B6D /* Login */,
			);
			name = Tab1;
			sourceTree = "<group>";
		};
		A7D925121892F2E600030B6D /* Tab2 */ = {
			isa = PBXGroup;
			children = (
				A7633B70188FA80900D1BE77 /* SecondViewController.h */,
				A7633B71188FA80900D1BE77 /* SecondViewController.m */,
			);
			name = Tab2;
			sourceTree = "<group>";
		};
		A7D925131892F2EC00030B6D /* Tab3 */ = {
			isa = PBXGroup;
			children = (
			);
			name = Tab3;
			sourceTree = "<group>";
		};
		A7D925141892F30A00030B6D /* Login */ = {
			isa = PBXGroup;
			children = (
				A733F968189DB66D005BD4B6 /* SignUp.h */,
				A733F969189DB66D005BD4B6 /* SignUp.m */,
				A733F96E189DCC2B005BD4B6 /* PromptFindFriends.h */,
				A733F96F189DCC2B005BD4B6 /* PromptFindFriends.m */,
				A7633B9C1892301000D1BE77 /* Login.h */,
				A7633B9D1892301000D1BE77 /* Login.m */,
				A7D92515189300E000030B6D /* FindFriends.h */,
				A7D92516189300E000030B6D /* FindFriends.m */,
				A7D9251A1893070200030B6D /* FindFriendsCell.h */,
				A7D9251B1893070200030B6D /* FindFriendsCell.m */,
				A7D9251D1893071C00030B6D /* FindFriendsCell.xib */,
				A74D308618936F5B0023DEE7 /* InviteFriendCell.h */,
				A74D308718936F5B0023DEE7 /* InviteFriendCell.m */,
			);
			name = Login;
			sourceTree = "<group>";
		};
/* End PBXGroup section */

/* Begin PBXNativeTarget section */
		A7633B54188FA80900D1BE77 /* SocialPlanMaking */ = {
			isa = PBXNativeTarget;
			buildConfigurationList = A7633B8A188FA80900D1BE77 /* Build configuration list for PBXNativeTarget "SocialPlanMaking" */;
			buildPhases = (
				CB39FEB457404CC8B040D78E /* Check Pods Manifest.lock */,
				A7633B51188FA80900D1BE77 /* Sources */,
				A7633B52188FA80900D1BE77 /* Frameworks */,
				A7633B53188FA80900D1BE77 /* Resources */,
				2A778EBDAB7E479A9410CEBF /* Copy Pods Resources */,
			);
			buildRules = (
			);
			dependencies = (
			);
			name = SocialPlanMaking;
			productName = SocialPlanMaking;
			productReference = A7633B55188FA80900D1BE77 /* SocialPlanMaking.app */;
			productType = "com.apple.product-type.application";
		};
		A7633B78188FA80900D1BE77 /* SocialPlanMakingTests */ = {
			isa = PBXNativeTarget;
			buildConfigurationList = A7633B8D188FA80900D1BE77 /* Build configuration list for PBXNativeTarget "SocialPlanMakingTests" */;
			buildPhases = (
				A7633B75188FA80900D1BE77 /* Sources */,
				A7633B76188FA80900D1BE77 /* Frameworks */,
				A7633B77188FA80900D1BE77 /* Resources */,
			);
			buildRules = (
			);
			dependencies = (
				A7633B7F188FA80900D1BE77 /* PBXTargetDependency */,
			);
			name = SocialPlanMakingTests;
			productName = SocialPlanMakingTests;
			productReference = A7633B79188FA80900D1BE77 /* SocialPlanMakingTests.xctest */;
			productType = "com.apple.product-type.bundle.unit-test";
		};
/* End PBXNativeTarget section */

/* Begin PBXProject section */
		A7633B4D188FA80800D1BE77 /* Project object */ = {
			isa = PBXProject;
			attributes = {
				LastUpgradeCheck = 0500;
				ORGANIZATIONNAME = "Omar Thanawalla";
				TargetAttributes = {
					A7633B54188FA80900D1BE77 = {
						DevelopmentTeam = Z33YU8XT22;
					};
					A7633B78188FA80900D1BE77 = {
						TestTargetID = A7633B54188FA80900D1BE77;
					};
				};
			};
			buildConfigurationList = A7633B50188FA80800D1BE77 /* Build configuration list for PBXProject "SocialPlanMaking" */;
			compatibilityVersion = "Xcode 3.2";
			developmentRegion = English;
			hasScannedForEncodings = 0;
			knownRegions = (
				en,
				Base,
			);
			mainGroup = A7633B4C188FA80800D1BE77;
			productRefGroup = A7633B56188FA80900D1BE77 /* Products */;
			projectDirPath = "";
			projectRoot = "";
			targets = (
				A7633B54188FA80900D1BE77 /* SocialPlanMaking */,
				A7633B78188FA80900D1BE77 /* SocialPlanMakingTests */,
			);
		};
/* End PBXProject section */

/* Begin PBXResourcesBuildPhase section */
		A7633B53188FA80900D1BE77 /* Resources */ = {
			isa = PBXResourcesBuildPhase;
			buildActionMask = 2147483647;
			files = (
				A7633B74188FA80900D1BE77 /* Images.xcassets in Resources */,
				A7633B63188FA80900D1BE77 /* InfoPlist.strings in Resources */,
				A7D9251E1893071C00030B6D /* FindFriendsCell.xib in Resources */,
				A7633B6C188FA80900D1BE77 /* Main.storyboard in Resources */,
			);
			runOnlyForDeploymentPostprocessing = 0;
		};
		A7633B77188FA80900D1BE77 /* Resources */ = {
			isa = PBXResourcesBuildPhase;
			buildActionMask = 2147483647;
			files = (
				A7633B85188FA80900D1BE77 /* InfoPlist.strings in Resources */,
			);
			runOnlyForDeploymentPostprocessing = 0;
		};
/* End PBXResourcesBuildPhase section */

/* Begin PBXShellScriptBuildPhase section */
		2A778EBDAB7E479A9410CEBF /* Copy Pods Resources */ = {
			isa = PBXShellScriptBuildPhase;
			buildActionMask = 2147483647;
			files = (
			);
			inputPaths = (
			);
			name = "Copy Pods Resources";
			outputPaths = (
			);
			runOnlyForDeploymentPostprocessing = 0;
			shellPath = /bin/sh;
			shellScript = "\"${SRCROOT}/Pods/Pods-resources.sh\"\n";
			showEnvVarsInLog = 0;
		};
		CB39FEB457404CC8B040D78E /* Check Pods Manifest.lock */ = {
			isa = PBXShellScriptBuildPhase;
			buildActionMask = 2147483647;
			files = (
			);
			inputPaths = (
			);
			name = "Check Pods Manifest.lock";
			outputPaths = (
			);
			runOnlyForDeploymentPostprocessing = 0;
			shellPath = /bin/sh;
			shellScript = "diff \"${PODS_ROOT}/../Podfile.lock\" \"${PODS_ROOT}/Manifest.lock\" > /dev/null\nif [[ $? != 0 ]] ; then\n    cat << EOM\nerror: The sandbox is not in sync with the Podfile.lock. Run 'pod install' or update your CocoaPods installation.\nEOM\n    exit 1\nfi\n";
			showEnvVarsInLog = 0;
		};
/* End PBXShellScriptBuildPhase section */

/* Begin PBXSourcesBuildPhase section */
		A7633B51188FA80900D1BE77 /* Sources */ = {
			isa = PBXSourcesBuildPhase;
			buildActionMask = 2147483647;
			files = (
				A733F970189DCC2B005BD4B6 /* PromptFindFriends.m in Sources */,
				A74D308B189384430023DEE7 /* PickActivitiesViewController.m in Sources */,
				A74D31501897A1EC0023DEE7 /* DateCell.m in Sources */,
				A74D31971898B8910023DEE7 /* WhenIsGoodCell.m in Sources */,
				A74D314D18979BFD0023DEE7 /* Calendar.m in Sources */,
				A7633B95188FB6E200D1BE77 /* Activities.m in Sources */,
				A7D92517189300E000030B6D /* FindFriends.m in Sources */,
				A7633B981890203900D1BE77 /* ChooseFriends.m in Sources */,
				A734A78418C1963700C2E8BE /* KeychainItemWrapper.m in Sources */,
				A7633B72188FA80900D1BE77 /* SecondViewController.m in Sources */,
				A7633B9E1892301000D1BE77 /* Login.m in Sources */,
				A7633B92188FAF2300D1BE77 /* Inbox.m in Sources */,
				A734A77E18C16D9A00C2E8BE /* CalendarContainerVC.m in Sources */,
				A7633B69188FA80900D1BE77 /* AppDelegate.m in Sources */,
				A733F96A189DB66D005BD4B6 /* SignUp.m in Sources */,
				A7633B9B189021FF00D1BE77 /* InboxIndepth.m in Sources */,
				A7D9251C1893070200030B6D /* FindFriendsCell.m in Sources */,
				A74D31941898B3980023DEE7 /* ActivityInformationCell.m in Sources */,
				A74D308818936F5B0023DEE7 /* InviteFriendCell.m in Sources */,
				A7633B65188FA80900D1BE77 /* main.m in Sources */,
			);
			runOnlyForDeploymentPostprocessing = 0;
		};
		A7633B75188FA80900D1BE77 /* Sources */ = {
			isa = PBXSourcesBuildPhase;
			buildActionMask = 2147483647;
			files = (
				A7633B87188FA80900D1BE77 /* SocialPlanMakingTests.m in Sources */,
			);
			runOnlyForDeploymentPostprocessing = 0;
		};
/* End PBXSourcesBuildPhase section */

/* Begin PBXTargetDependency section */
		A7633B7F188FA80900D1BE77 /* PBXTargetDependency */ = {
			isa = PBXTargetDependency;
			target = A7633B54188FA80900D1BE77 /* SocialPlanMaking */;
			targetProxy = A7633B7E188FA80900D1BE77 /* PBXContainerItemProxy */;
		};
/* End PBXTargetDependency section */

/* Begin PBXVariantGroup section */
		A7633B61188FA80900D1BE77 /* InfoPlist.strings */ = {
			isa = PBXVariantGroup;
			children = (
				A7633B62188FA80900D1BE77 /* en */,
			);
			name = InfoPlist.strings;
			sourceTree = "<group>";
		};
		A7633B6A188FA80900D1BE77 /* Main.storyboard */ = {
			isa = PBXVariantGroup;
			children = (
				A7633B6B188FA80900D1BE77 /* Base */,
			);
			name = Main.storyboard;
			sourceTree = "<group>";
		};
		A7633B83188FA80900D1BE77 /* InfoPlist.strings */ = {
			isa = PBXVariantGroup;
			children = (
				A7633B84188FA80900D1BE77 /* en */,
			);
			name = InfoPlist.strings;
			sourceTree = "<group>";
		};
/* End PBXVariantGroup section */

/* Begin XCBuildConfiguration section */
		A7633B88188FA80900D1BE77 /* Debug */ = {
			isa = XCBuildConfiguration;
			buildSettings = {
				ALWAYS_SEARCH_USER_PATHS = NO;
				ARCHS = "$(ARCHS_STANDARD_INCLUDING_64_BIT)";
				CLANG_CXX_LANGUAGE_STANDARD = "gnu++0x";
				CLANG_CXX_LIBRARY = "libc++";
				CLANG_ENABLE_MODULES = YES;
				CLANG_ENABLE_OBJC_ARC = YES;
				CLANG_WARN_BOOL_CONVERSION = YES;
				CLANG_WARN_CONSTANT_CONVERSION = YES;
				CLANG_WARN_DIRECT_OBJC_ISA_USAGE = YES_ERROR;
				CLANG_WARN_EMPTY_BODY = YES;
				CLANG_WARN_ENUM_CONVERSION = YES;
				CLANG_WARN_INT_CONVERSION = YES;
				CLANG_WARN_OBJC_ROOT_CLASS = YES_ERROR;
				CLANG_WARN__DUPLICATE_METHOD_MATCH = YES;
				"CODE_SIGN_IDENTITY[sdk=iphoneos*]" = "iPhone Developer";
				COPY_PHASE_STRIP = NO;
				GCC_C_LANGUAGE_STANDARD = gnu99;
				GCC_DYNAMIC_NO_PIC = NO;
				GCC_OPTIMIZATION_LEVEL = 0;
				GCC_PREPROCESSOR_DEFINITIONS = (
					"DEBUG=1",
					"$(inherited)",
				);
				GCC_SYMBOLS_PRIVATE_EXTERN = NO;
				GCC_WARN_64_TO_32_BIT_CONVERSION = YES;
				GCC_WARN_ABOUT_RETURN_TYPE = YES_ERROR;
				GCC_WARN_UNDECLARED_SELECTOR = YES;
				GCC_WARN_UNINITIALIZED_AUTOS = YES;
				GCC_WARN_UNUSED_FUNCTION = YES;
				GCC_WARN_UNUSED_VARIABLE = YES;
				IPHONEOS_DEPLOYMENT_TARGET = 7.0;
				ONLY_ACTIVE_ARCH = YES;
				SDKROOT = iphoneos;
			};
			name = Debug;
		};
		A7633B89188FA80900D1BE77 /* Release */ = {
			isa = XCBuildConfiguration;
			buildSettings = {
				ALWAYS_SEARCH_USER_PATHS = NO;
				ARCHS = "$(ARCHS_STANDARD_INCLUDING_64_BIT)";
				CLANG_CXX_LANGUAGE_STANDARD = "gnu++0x";
				CLANG_CXX_LIBRARY = "libc++";
				CLANG_ENABLE_MODULES = YES;
				CLANG_ENABLE_OBJC_ARC = YES;
				CLANG_WARN_BOOL_CONVERSION = YES;
				CLANG_WARN_CONSTANT_CONVERSION = YES;
				CLANG_WARN_DIRECT_OBJC_ISA_USAGE = YES_ERROR;
				CLANG_WARN_EMPTY_BODY = YES;
				CLANG_WARN_ENUM_CONVERSION = YES;
				CLANG_WARN_INT_CONVERSION = YES;
				CLANG_WARN_OBJC_ROOT_CLASS = YES_ERROR;
				CLANG_WARN__DUPLICATE_METHOD_MATCH = YES;
				"CODE_SIGN_IDENTITY[sdk=iphoneos*]" = "iPhone Developer";
				COPY_PHASE_STRIP = YES;
				ENABLE_NS_ASSERTIONS = NO;
				GCC_C_LANGUAGE_STANDARD = gnu99;
				GCC_WARN_64_TO_32_BIT_CONVERSION = YES;
				GCC_WARN_ABOUT_RETURN_TYPE = YES_ERROR;
				GCC_WARN_UNDECLARED_SELECTOR = YES;
				GCC_WARN_UNINITIALIZED_AUTOS = YES;
				GCC_WARN_UNUSED_FUNCTION = YES;
				GCC_WARN_UNUSED_VARIABLE = YES;
				IPHONEOS_DEPLOYMENT_TARGET = 7.0;
				SDKROOT = iphoneos;
				VALIDATE_PRODUCT = YES;
			};
			name = Release;
		};
		A7633B8B188FA80900D1BE77 /* Debug */ = {
			isa = XCBuildConfiguration;
			baseConfigurationReference = 98699DD466734221B1AFFC26 /* Pods.xcconfig */;
			buildSettings = {
				ASSETCATALOG_COMPILER_APPICON_NAME = AppIcon;
				ASSETCATALOG_COMPILER_LAUNCHIMAGE_NAME = LaunchImage;
				CODE_SIGN_IDENTITY = "iPhone Developer";
				"CODE_SIGN_IDENTITY[sdk=iphoneos*]" = "iPhone Developer";
				FRAMEWORK_SEARCH_PATHS = (
					"$(inherited)",
					/Users/omarthanawalla/Documents/FacebookSDK,
				);
				GCC_PRECOMPILE_PREFIX_HEADER = YES;
				GCC_PREFIX_HEADER = "SocialPlanMaking/SocialPlanMaking-Prefix.pch";
				INFOPLIST_FILE = "SocialPlanMaking/SocialPlanMaking-Info.plist";
				PRODUCT_NAME = "$(TARGET_NAME)";
				PROVISIONING_PROFILE = "";
				WRAPPER_EXTENSION = app;
			};
			name = Debug;
		};
		A7633B8C188FA80900D1BE77 /* Release */ = {
			isa = XCBuildConfiguration;
			baseConfigurationReference = 98699DD466734221B1AFFC26 /* Pods.xcconfig */;
			buildSettings = {
				ASSETCATALOG_COMPILER_APPICON_NAME = AppIcon;
				ASSETCATALOG_COMPILER_LAUNCHIMAGE_NAME = LaunchImage;
				CODE_SIGN_IDENTITY = "iPhone Developer";
				"CODE_SIGN_IDENTITY[sdk=iphoneos*]" = "iPhone Developer";
				FRAMEWORK_SEARCH_PATHS = (
					"$(inherited)",
					/Users/omarthanawalla/Documents/FacebookSDK,
				);
				GCC_PRECOMPILE_PREFIX_HEADER = YES;
				GCC_PREFIX_HEADER = "SocialPlanMaking/SocialPlanMaking-Prefix.pch";
				INFOPLIST_FILE = "SocialPlanMaking/SocialPlanMaking-Info.plist";
				PRODUCT_NAME = "$(TARGET_NAME)";
				PROVISIONING_PROFILE = "";
				WRAPPER_EXTENSION = app;
			};
			name = Release;
		};
		A7633B8E188FA80900D1BE77 /* Debug */ = {
			isa = XCBuildConfiguration;
			buildSettings = {
				ARCHS = "$(ARCHS_STANDARD_INCLUDING_64_BIT)";
				BUNDLE_LOADER = "$(BUILT_PRODUCTS_DIR)/SocialPlanMaking.app/SocialPlanMaking";
				FRAMEWORK_SEARCH_PATHS = (
					"$(SDKROOT)/Developer/Library/Frameworks",
					"$(inherited)",
					"$(DEVELOPER_FRAMEWORKS_DIR)",
				);
				GCC_PRECOMPILE_PREFIX_HEADER = YES;
				GCC_PREFIX_HEADER = "SocialPlanMaking/SocialPlanMaking-Prefix.pch";
				GCC_PREPROCESSOR_DEFINITIONS = (
					"DEBUG=1",
					"$(inherited)",
				);
				INFOPLIST_FILE = "SocialPlanMakingTests/SocialPlanMakingTests-Info.plist";
				PRODUCT_NAME = "$(TARGET_NAME)";
				TEST_HOST = "$(BUNDLE_LOADER)";
				WRAPPER_EXTENSION = xctest;
			};
			name = Debug;
		};
		A7633B8F188FA80900D1BE77 /* Release */ = {
			isa = XCBuildConfiguration;
			buildSettings = {
				ARCHS = "$(ARCHS_STANDARD_INCLUDING_64_BIT)";
				BUNDLE_LOADER = "$(BUILT_PRODUCTS_DIR)/SocialPlanMaking.app/SocialPlanMaking";
				FRAMEWORK_SEARCH_PATHS = (
					"$(SDKROOT)/Developer/Library/Frameworks",
					"$(inherited)",
					"$(DEVELOPER_FRAMEWORKS_DIR)",
				);
				GCC_PRECOMPILE_PREFIX_HEADER = YES;
				GCC_PREFIX_HEADER = "SocialPlanMaking/SocialPlanMaking-Prefix.pch";
				INFOPLIST_FILE = "SocialPlanMakingTests/SocialPlanMakingTests-Info.plist";
				PRODUCT_NAME = "$(TARGET_NAME)";
				TEST_HOST = "$(BUNDLE_LOADER)";
				WRAPPER_EXTENSION = xctest;
			};
			name = Release;
		};
/* End XCBuildConfiguration section */

/* Begin XCConfigurationList section */
		A7633B50188FA80800D1BE77 /* Build configuration list for PBXProject "SocialPlanMaking" */ = {
			isa = XCConfigurationList;
			buildConfigurations = (
				A7633B88188FA80900D1BE77 /* Debug */,
				A7633B89188FA80900D1BE77 /* Release */,
			);
			defaultConfigurationIsVisible = 0;
			defaultConfigurationName = Release;
		};
		A7633B8A188FA80900D1BE77 /* Build configuration list for PBXNativeTarget "SocialPlanMaking" */ = {
			isa = XCConfigurationList;
			buildConfigurations = (
				A7633B8B188FA80900D1BE77 /* Debug */,
				A7633B8C188FA80900D1BE77 /* Release */,
			);
			defaultConfigurationIsVisible = 0;
			defaultConfigurationName = Release;
		};
		A7633B8D188FA80900D1BE77 /* Build configuration list for PBXNativeTarget "SocialPlanMakingTests" */ = {
			isa = XCConfigurationList;
			buildConfigurations = (
				A7633B8E188FA80900D1BE77 /* Debug */,
				A7633B8F188FA80900D1BE77 /* Release */,
			);
			defaultConfigurationIsVisible = 0;
			defaultConfigurationName = Release;
		};
/* End XCConfigurationList section */
	};
	rootObject = A7633B4D188FA80800D1BE77 /* Project object */;
}
